// !$*UTF8*$!
{
	archiveVersion = 1;
	classes = {
	};
	objectVersion = 46;
	objects = {

/* Begin PBXBuildFile section */
		39CEA9381703A3BA8031E9B5 /* libPods-MeasuresApp.a in Frameworks */ = {isa = PBXBuildFile; fileRef = 88AD94AF126C3B68A495106A /* libPods-MeasuresApp.a */; };
		84028F371A1CD68000A6D297 /* RearViewController.m in Sources */ = {isa = PBXBuildFile; fileRef = 84028F351A1CD68000A6D297 /* RearViewController.m */; };
		84028F381A1CD68000A6D297 /* RearViewController.xib in Resources */ = {isa = PBXBuildFile; fileRef = 84028F361A1CD68000A6D297 /* RearViewController.xib */; };
		840DD7141A2B45CB003A17E5 /* ribbonBg.png in Resources */ = {isa = PBXBuildFile; fileRef = 840DD7131A2B45CB003A17E5 /* ribbonBg.png */; };
		843995D61A1E43ED00B6148A /* NewsTableViewCellR.xib in Resources */ = {isa = PBXBuildFile; fileRef = 843995D51A1E43ED00B6148A /* NewsTableViewCellR.xib */; };
		843F9E311A1E4499005FA987 /* NewsTableViewCell.m in Sources */ = {isa = PBXBuildFile; fileRef = 843F9E2F1A1E4499005FA987 /* NewsTableViewCell.m */; };
		843F9E321A1E4499005FA987 /* NewsTableViewCell.xib in Resources */ = {isa = PBXBuildFile; fileRef = 843F9E301A1E4499005FA987 /* NewsTableViewCell.xib */; };
		843F9E361A1E5179005FA987 /* DetailArticleViewController.m in Sources */ = {isa = PBXBuildFile; fileRef = 843F9E341A1E5179005FA987 /* DetailArticleViewController.m */; };
		843F9E371A1E5179005FA987 /* DetailArticleViewController.xib in Resources */ = {isa = PBXBuildFile; fileRef = 843F9E351A1E5179005FA987 /* DetailArticleViewController.xib */; };
		843F9E3A1A1F44A3005FA987 /* posterImage.png in Resources */ = {isa = PBXBuildFile; fileRef = 843F9E391A1F44A3005FA987 /* posterImage.png */; };
		843F9E3E1A1F6154005FA987 /* menu@2x.png in Resources */ = {isa = PBXBuildFile; fileRef = 843F9E3B1A1F6154005FA987 /* menu@2x.png */; };
		843F9E3F1A1F6154005FA987 /* banner.png in Resources */ = {isa = PBXBuildFile; fileRef = 843F9E3C1A1F6154005FA987 /* banner.png */; };
		843F9E401A1F6154005FA987 /* separatorLine.png in Resources */ = {isa = PBXBuildFile; fileRef = 843F9E3D1A1F6154005FA987 /* separatorLine.png */; };
		843F9E481A1F770D005FA987 /* Fregat_bold.otf in Resources */ = {isa = PBXBuildFile; fileRef = 843F9E431A1F770D005FA987 /* Fregat_bold.otf */; };
		843F9E491A1F770D005FA987 /* Fregat_bold_italic.otf in Resources */ = {isa = PBXBuildFile; fileRef = 843F9E441A1F770D005FA987 /* Fregat_bold_italic.otf */; };
		843F9E4A1A1F770D005FA987 /* Fregat_italic.otf in Resources */ = {isa = PBXBuildFile; fileRef = 843F9E451A1F770D005FA987 /* Fregat_italic.otf */; };
		843F9E4B1A1F770D005FA987 /* Fregat_regular.otf in Resources */ = {isa = PBXBuildFile; fileRef = 843F9E461A1F770D005FA987 /* Fregat_regular.otf */; };
		843F9E4C1A1F770D005FA987 /* Nautilus.otf in Resources */ = {isa = PBXBuildFile; fileRef = 843F9E471A1F770D005FA987 /* Nautilus.otf */; };
		843F9E4E1A1F9ECD005FA987 /* bannerBig.png in Resources */ = {isa = PBXBuildFile; fileRef = 843F9E4D1A1F9ECD005FA987 /* bannerBig.png */; };
		84677E431A2855A30021D442 /* ArticleTableViewCell.m in Sources */ = {isa = PBXBuildFile; fileRef = 84677E411A2855A30021D442 /* ArticleTableViewCell.m */; };
		84677E441A2855A30021D442 /* ArticleTableViewCell.xib in Resources */ = {isa = PBXBuildFile; fileRef = 84677E421A2855A30021D442 /* ArticleTableViewCell.xib */; };
		8475FEE11A1DF3850028ED17 /* SponsorTableViewCell.m in Sources */ = {isa = PBXBuildFile; fileRef = 8475FEDF1A1DF3850028ED17 /* SponsorTableViewCell.m */; };
		8475FEE21A1DF3850028ED17 /* SponsorTableViewCell.xib in Resources */ = {isa = PBXBuildFile; fileRef = 8475FEE01A1DF3850028ED17 /* SponsorTableViewCell.xib */; };
		8475FEE71A1E08D60028ED17 /* ConstantsClass.m in Sources */ = {isa = PBXBuildFile; fileRef = 8475FEE61A1E08D60028ED17 /* ConstantsClass.m */; };
		8478FCD51A2094700022E421 /* AdressTableViewCell.m in Sources */ = {isa = PBXBuildFile; fileRef = 8478FCD31A2094700022E421 /* AdressTableViewCell.m */; };
		8478FCD61A2094700022E421 /* AdressTableViewCell.xib in Resources */ = {isa = PBXBuildFile; fileRef = 8478FCD41A2094700022E421 /* AdressTableViewCell.xib */; };
		849E268C1A1BAC9E00C56951 /* main.m in Sources */ = {isa = PBXBuildFile; fileRef = 849E268B1A1BAC9E00C56951 /* main.m */; };
		849E268F1A1BAC9E00C56951 /* AppDelegate.m in Sources */ = {isa = PBXBuildFile; fileRef = 849E268E1A1BAC9E00C56951 /* AppDelegate.m */; };
		849E26921A1BAC9E00C56951 /* MeasuresApp.xcdatamodeld in Sources */ = {isa = PBXBuildFile; fileRef = 849E26901A1BAC9E00C56951 /* MeasuresApp.xcdatamodeld */; };
		849E269A1A1BAC9E00C56951 /* Images.xcassets in Resources */ = {isa = PBXBuildFile; fileRef = 849E26991A1BAC9E00C56951 /* Images.xcassets */; };
		849E269D1A1BAC9E00C56951 /* LaunchScreen.xib in Resources */ = {isa = PBXBuildFile; fileRef = 849E269B1A1BAC9E00C56951 /* LaunchScreen.xib */; };
		849E26A91A1BAC9E00C56951 /* MeasuresAppTests.m in Sources */ = {isa = PBXBuildFile; fileRef = 849E26A81A1BAC9E00C56951 /* MeasuresAppTests.m */; };
		84A195F01A1CCF2200066790 /* SWRevealViewController.m in Sources */ = {isa = PBXBuildFile; fileRef = 84A195EE1A1CCF2200066790 /* SWRevealViewController.m */; };
		84AA4F751A1CD42500601CCD /* PosterViewController.m in Sources */ = {isa = PBXBuildFile; fileRef = 84AA4F731A1CD42500601CCD /* PosterViewController.m */; };
		84AA4F761A1CD42500601CCD /* PosterViewController.xib in Resources */ = {isa = PBXBuildFile; fileRef = 84AA4F741A1CD42500601CCD /* PosterViewController.xib */; };
		84AA4F7A1A1CD4AB00601CCD /* ParticipantsViewController.m in Sources */ = {isa = PBXBuildFile; fileRef = 84AA4F781A1CD4AB00601CCD /* ParticipantsViewController.m */; };
		84AA4F7B1A1CD4AB00601CCD /* ParticipantsViewController.xib in Resources */ = {isa = PBXBuildFile; fileRef = 84AA4F791A1CD4AB00601CCD /* ParticipantsViewController.xib */; };
		84AA4F7E1A1CD4BF00601CCD /* NewsViewController.m in Sources */ = {isa = PBXBuildFile; fileRef = 84AA4F7D1A1CD4BF00601CCD /* NewsViewController.m */; };
		84AA4F801A1CD4EC00601CCD /* NewsViewController.xib in Resources */ = {isa = PBXBuildFile; fileRef = 84AA4F7F1A1CD4EC00601CCD /* NewsViewController.xib */; };
		84AA4F871A1CD5B400601CCD /* InstagramViewController.m in Sources */ = {isa = PBXBuildFile; fileRef = 84AA4F851A1CD5B400601CCD /* InstagramViewController.m */; };
		84AA4F881A1CD5B400601CCD /* InstagramViewController.xib in Resources */ = {isa = PBXBuildFile; fileRef = 84AA4F861A1CD5B400601CCD /* InstagramViewController.xib */; };
		84AA4F8D1A1CD5D300601CCD /* PlacesViewController.m in Sources */ = {isa = PBXBuildFile; fileRef = 84AA4F8B1A1CD5D300601CCD /* PlacesViewController.m */; };
		84AA4F8E1A1CD5D300601CCD /* PlacesViewController.xib in Resources */ = {isa = PBXBuildFile; fileRef = 84AA4F8C1A1CD5D300601CCD /* PlacesViewController.xib */; };
		84AA4F931A1CD5FB00601CCD /* SponsorsViewController.m in Sources */ = {isa = PBXBuildFile; fileRef = 84AA4F911A1CD5FB00601CCD /* SponsorsViewController.m */; };
		84AA4F941A1CD5FB00601CCD /* SponsorsViewController.xib in Resources */ = {isa = PBXBuildFile; fileRef = 84AA4F921A1CD5FB00601CCD /* SponsorsViewController.xib */; };
		84BF5A691A1CC56C00EB28C6 /* bookmark.png in Resources */ = {isa = PBXBuildFile; fileRef = 84BF5A591A1CC56C00EB28C6 /* bookmark.png */; };
		84BF5A6A1A1CC56C00EB28C6 /* bookmark_photo.jpg in Resources */ = {isa = PBXBuildFile; fileRef = 84BF5A5A1A1CC56C00EB28C6 /* bookmark_photo.jpg */; };
		84BF5A6B1A1CC56C00EB28C6 /* calendar.png in Resources */ = {isa = PBXBuildFile; fileRef = 84BF5A5B1A1CC56C00EB28C6 /* calendar.png */; };
		84BF5A6C1A1CC56C00EB28C6 /* calendar_photo.jpg in Resources */ = {isa = PBXBuildFile; fileRef = 84BF5A5C1A1CC56C00EB28C6 /* calendar_photo.jpg */; };
		84BF5A6D1A1CC56C00EB28C6 /* comments.png in Resources */ = {isa = PBXBuildFile; fileRef = 84BF5A5D1A1CC56C00EB28C6 /* comments.png */; };
		84BF5A6E1A1CC56C00EB28C6 /* comments_photo.jpg in Resources */ = {isa = PBXBuildFile; fileRef = 84BF5A5E1A1CC56C00EB28C6 /* comments_photo.jpg */; };
		84BF5A6F1A1CC56C00EB28C6 /* map.png in Resources */ = {isa = PBXBuildFile; fileRef = 84BF5A5F1A1CC56C00EB28C6 /* map.png */; };
		84BF5A701A1CC56C00EB28C6 /* menu.png in Resources */ = {isa = PBXBuildFile; fileRef = 84BF5A601A1CC56C00EB28C6 /* menu.png */; };
		84BF5A721A1CC56C00EB28C6 /* nav_bg.png in Resources */ = {isa = PBXBuildFile; fileRef = 84BF5A621A1CC56C00EB28C6 /* nav_bg.png */; };
		84BF5A731A1CC56C00EB28C6 /* news.png in Resources */ = {isa = PBXBuildFile; fileRef = 84BF5A631A1CC56C00EB28C6 /* news.png */; };
		84BF5A741A1CC56C00EB28C6 /* photo.png in Resources */ = {isa = PBXBuildFile; fileRef = 84BF5A641A1CC56C00EB28C6 /* photo.png */; };
		84BF5A761A1CC56C00EB28C6 /* tag_photo.jpg in Resources */ = {isa = PBXBuildFile; fileRef = 84BF5A661A1CC56C00EB28C6 /* tag_photo.jpg */; };
		84C1BA061A247D0500E087B0 /* CategoryTableViewCell.m in Sources */ = {isa = PBXBuildFile; fileRef = 84C1BA041A247D0500E087B0 /* CategoryTableViewCell.m */; };
		84C1BA071A247D0500E087B0 /* CategoryTableViewCell.xib in Resources */ = {isa = PBXBuildFile; fileRef = 84C1BA051A247D0500E087B0 /* CategoryTableViewCell.xib */; };
		84C1BA0C1A248E7A00E087B0 /* MemberCollectionViewCell.m in Sources */ = {isa = PBXBuildFile; fileRef = 84C1BA0A1A248E7A00E087B0 /* MemberCollectionViewCell.m */; };
		84C1BA0D1A248E7A00E087B0 /* MemberCollectionViewCell.xib in Resources */ = {isa = PBXBuildFile; fileRef = 84C1BA0B1A248E7A00E087B0 /* MemberCollectionViewCell.xib */; };
		84C90C771A1CDB0B0093BDE9 /* RearTableViewCell.m in Sources */ = {isa = PBXBuildFile; fileRef = 84C90C751A1CDB0B0093BDE9 /* RearTableViewCell.m */; };
		84C90C781A1CDB0B0093BDE9 /* RearTableViewCell.xib in Resources */ = {isa = PBXBuildFile; fileRef = 84C90C761A1CDB0B0093BDE9 /* RearTableViewCell.xib */; };
		84C90C7D1A1CE08C0093BDE9 /* ParentForFrontViewController.m in Sources */ = {isa = PBXBuildFile; fileRef = 84C90C7C1A1CE08C0093BDE9 /* ParentForFrontViewController.m */; };
		84C90C851A1DE9E90093BDE9 /* HelperClass.m in Sources */ = {isa = PBXBuildFile; fileRef = 84C90C841A1DE9E90093BDE9 /* HelperClass.m */; };
		84E210691A2DB75000886661 /* GTMNSString+HTML.m in Sources */ = {isa = PBXBuildFile; fileRef = 84E210681A2DB75000886661 /* GTMNSString+HTML.m */; };
		84E7AB9E1A26259800EB5E9A /* TW.png in Resources */ = {isa = PBXBuildFile; fileRef = 84E7AB9C1A26259800EB5E9A /* TW.png */; };
		84E7AB9F1A26259800EB5E9A /* VK.png in Resources */ = {isa = PBXBuildFile; fileRef = 84E7AB9D1A26259800EB5E9A /* VK.png */; };
		84E7ABA31A27148200EB5E9A /* ParticipantsFooterCollectionReusableView.m in Sources */ = {isa = PBXBuildFile; fileRef = 84E7ABA11A27148200EB5E9A /* ParticipantsFooterCollectionReusableView.m */; };
		84E7ABA41A27148200EB5E9A /* ParticipantsFooterCollectionReusableView.xib in Resources */ = {isa = PBXBuildFile; fileRef = 84E7ABA21A27148200EB5E9A /* ParticipantsFooterCollectionReusableView.xib */; };
		84F3E9371A2A30DA00221E88 /* fb.png in Resources */ = {isa = PBXBuildFile; fileRef = 84F3E9361A2A30DA00221E88 /* fb.png */; };
		BC4F42D31A23B859004A2872 /* MapKit.framework in Frameworks */ = {isa = PBXBuildFile; fileRef = BC4F42D21A23B859004A2872 /* MapKit.framework */; };
		BCA719411A1FC1AC0098F20F /* DataModel.m in Sources */ = {isa = PBXBuildFile; fileRef = BCA719401A1FC1AC0098F20F /* DataModel.m */; };
/* End PBXBuildFile section */

/* Begin PBXContainerItemProxy section */
		849E26A31A1BAC9E00C56951 /* PBXContainerItemProxy */ = {
			isa = PBXContainerItemProxy;
			containerPortal = 849E267E1A1BAC9E00C56951 /* Project object */;
			proxyType = 1;
			remoteGlobalIDString = 849E26851A1BAC9E00C56951;
			remoteInfo = MeasuresApp;
		};
/* End PBXContainerItemProxy section */

/* Begin PBXFileReference section */
		5E5EE0241ECEC18F453A3491 /* Pods-MeasuresApp.release.xcconfig */ = {isa = PBXFileReference; includeInIndex = 1; lastKnownFileType = text.xcconfig; name = "Pods-MeasuresApp.release.xcconfig"; path = "Pods/Target Support Files/Pods-MeasuresApp/Pods-MeasuresApp.release.xcconfig"; sourceTree = "<group>"; };
		84028F341A1CD68000A6D297 /* RearViewController.h */ = {isa = PBXFileReference; fileEncoding = 4; lastKnownFileType = sourcecode.c.h; path = RearViewController.h; sourceTree = "<group>"; };
		84028F351A1CD68000A6D297 /* RearViewController.m */ = {isa = PBXFileReference; fileEncoding = 4; lastKnownFileType = sourcecode.c.objc; path = RearViewController.m; sourceTree = "<group>"; };
		84028F361A1CD68000A6D297 /* RearViewController.xib */ = {isa = PBXFileReference; fileEncoding = 4; lastKnownFileType = file.xib; path = RearViewController.xib; sourceTree = "<group>"; };
		840DD7131A2B45CB003A17E5 /* ribbonBg.png */ = {isa = PBXFileReference; lastKnownFileType = image.png; path = ribbonBg.png; sourceTree = "<group>"; };
		843995D51A1E43ED00B6148A /* NewsTableViewCellR.xib */ = {isa = PBXFileReference; fileEncoding = 4; lastKnownFileType = file.xib; path = NewsTableViewCellR.xib; sourceTree = "<group>"; };
		843F9E2E1A1E4499005FA987 /* NewsTableViewCell.h */ = {isa = PBXFileReference; fileEncoding = 4; lastKnownFileType = sourcecode.c.h; path = NewsTableViewCell.h; sourceTree = "<group>"; };
		843F9E2F1A1E4499005FA987 /* NewsTableViewCell.m */ = {isa = PBXFileReference; fileEncoding = 4; lastKnownFileType = sourcecode.c.objc; path = NewsTableViewCell.m; sourceTree = "<group>"; };
		843F9E301A1E4499005FA987 /* NewsTableViewCell.xib */ = {isa = PBXFileReference; fileEncoding = 4; lastKnownFileType = file.xib; path = NewsTableViewCell.xib; sourceTree = "<group>"; };
		843F9E331A1E5179005FA987 /* DetailArticleViewController.h */ = {isa = PBXFileReference; fileEncoding = 4; lastKnownFileType = sourcecode.c.h; path = DetailArticleViewController.h; sourceTree = "<group>"; };
		843F9E341A1E5179005FA987 /* DetailArticleViewController.m */ = {isa = PBXFileReference; fileEncoding = 4; lastKnownFileType = sourcecode.c.objc; path = DetailArticleViewController.m; sourceTree = "<group>"; };
		843F9E351A1E5179005FA987 /* DetailArticleViewController.xib */ = {isa = PBXFileReference; fileEncoding = 4; lastKnownFileType = file.xib; path = DetailArticleViewController.xib; sourceTree = "<group>"; };
		843F9E391A1F44A3005FA987 /* posterImage.png */ = {isa = PBXFileReference; lastKnownFileType = image.png; path = posterImage.png; sourceTree = "<group>"; };
		843F9E3B1A1F6154005FA987 /* menu@2x.png */ = {isa = PBXFileReference; lastKnownFileType = image.png; path = "menu@2x.png"; sourceTree = "<group>"; };
		843F9E3C1A1F6154005FA987 /* banner.png */ = {isa = PBXFileReference; lastKnownFileType = image.png; path = banner.png; sourceTree = "<group>"; };
		843F9E3D1A1F6154005FA987 /* separatorLine.png */ = {isa = PBXFileReference; lastKnownFileType = image.png; path = separatorLine.png; sourceTree = "<group>"; };
		843F9E431A1F770D005FA987 /* Fregat_bold.otf */ = {isa = PBXFileReference; lastKnownFileType = file; path = Fregat_bold.otf; sourceTree = "<group>"; };
		843F9E441A1F770D005FA987 /* Fregat_bold_italic.otf */ = {isa = PBXFileReference; lastKnownFileType = file; path = Fregat_bold_italic.otf; sourceTree = "<group>"; };
		843F9E451A1F770D005FA987 /* Fregat_italic.otf */ = {isa = PBXFileReference; lastKnownFileType = file; path = Fregat_italic.otf; sourceTree = "<group>"; };
		843F9E461A1F770D005FA987 /* Fregat_regular.otf */ = {isa = PBXFileReference; lastKnownFileType = file; path = Fregat_regular.otf; sourceTree = "<group>"; };
		843F9E471A1F770D005FA987 /* Nautilus.otf */ = {isa = PBXFileReference; lastKnownFileType = file; path = Nautilus.otf; sourceTree = "<group>"; };
		843F9E4D1A1F9ECD005FA987 /* bannerBig.png */ = {isa = PBXFileReference; lastKnownFileType = image.png; path = bannerBig.png; sourceTree = "<group>"; };
		84677E401A2855A30021D442 /* ArticleTableViewCell.h */ = {isa = PBXFileReference; fileEncoding = 4; lastKnownFileType = sourcecode.c.h; path = ArticleTableViewCell.h; sourceTree = "<group>"; };
		84677E411A2855A30021D442 /* ArticleTableViewCell.m */ = {isa = PBXFileReference; fileEncoding = 4; lastKnownFileType = sourcecode.c.objc; path = ArticleTableViewCell.m; sourceTree = "<group>"; };
		84677E421A2855A30021D442 /* ArticleTableViewCell.xib */ = {isa = PBXFileReference; fileEncoding = 4; lastKnownFileType = file.xib; path = ArticleTableViewCell.xib; sourceTree = "<group>"; };
		8475FEDE1A1DF3850028ED17 /* SponsorTableViewCell.h */ = {isa = PBXFileReference; fileEncoding = 4; lastKnownFileType = sourcecode.c.h; path = SponsorTableViewCell.h; sourceTree = "<group>"; };
		8475FEDF1A1DF3850028ED17 /* SponsorTableViewCell.m */ = {isa = PBXFileReference; fileEncoding = 4; lastKnownFileType = sourcecode.c.objc; path = SponsorTableViewCell.m; sourceTree = "<group>"; };
		8475FEE01A1DF3850028ED17 /* SponsorTableViewCell.xib */ = {isa = PBXFileReference; fileEncoding = 4; lastKnownFileType = file.xib; path = SponsorTableViewCell.xib; sourceTree = "<group>"; };
		8475FEE51A1E08D60028ED17 /* ConstantsClass.h */ = {isa = PBXFileReference; fileEncoding = 4; lastKnownFileType = sourcecode.c.h; path = ConstantsClass.h; sourceTree = "<group>"; };
		8475FEE61A1E08D60028ED17 /* ConstantsClass.m */ = {isa = PBXFileReference; fileEncoding = 4; lastKnownFileType = sourcecode.c.objc; path = ConstantsClass.m; sourceTree = "<group>"; };
		8478FCD21A2094700022E421 /* AdressTableViewCell.h */ = {isa = PBXFileReference; fileEncoding = 4; lastKnownFileType = sourcecode.c.h; path = AdressTableViewCell.h; sourceTree = "<group>"; };
		8478FCD31A2094700022E421 /* AdressTableViewCell.m */ = {isa = PBXFileReference; fileEncoding = 4; lastKnownFileType = sourcecode.c.objc; path = AdressTableViewCell.m; sourceTree = "<group>"; };
		8478FCD41A2094700022E421 /* AdressTableViewCell.xib */ = {isa = PBXFileReference; fileEncoding = 4; lastKnownFileType = file.xib; path = AdressTableViewCell.xib; sourceTree = "<group>"; };
		849E26861A1BAC9E00C56951 /* MeasuresApp.app */ = {isa = PBXFileReference; explicitFileType = wrapper.application; includeInIndex = 0; path = MeasuresApp.app; sourceTree = BUILT_PRODUCTS_DIR; };
		849E268A1A1BAC9E00C56951 /* Info.plist */ = {isa = PBXFileReference; lastKnownFileType = text.plist.xml; path = Info.plist; sourceTree = "<group>"; };
		849E268B1A1BAC9E00C56951 /* main.m */ = {isa = PBXFileReference; lastKnownFileType = sourcecode.c.objc; path = main.m; sourceTree = "<group>"; };
		849E268D1A1BAC9E00C56951 /* AppDelegate.h */ = {isa = PBXFileReference; lastKnownFileType = sourcecode.c.h; path = AppDelegate.h; sourceTree = "<group>"; };
		849E268E1A1BAC9E00C56951 /* AppDelegate.m */ = {isa = PBXFileReference; lastKnownFileType = sourcecode.c.objc; path = AppDelegate.m; sourceTree = "<group>"; };
		849E26911A1BAC9E00C56951 /* MeasuresApp.xcdatamodel */ = {isa = PBXFileReference; lastKnownFileType = wrapper.xcdatamodel; path = MeasuresApp.xcdatamodel; sourceTree = "<group>"; };
		849E26991A1BAC9E00C56951 /* Images.xcassets */ = {isa = PBXFileReference; lastKnownFileType = folder.assetcatalog; path = Images.xcassets; sourceTree = "<group>"; };
		849E269C1A1BAC9E00C56951 /* Base */ = {isa = PBXFileReference; lastKnownFileType = file.xib; name = Base; path = Base.lproj/LaunchScreen.xib; sourceTree = "<group>"; };
		849E26A21A1BAC9E00C56951 /* MeasuresAppTests.xctest */ = {isa = PBXFileReference; explicitFileType = wrapper.cfbundle; includeInIndex = 0; path = MeasuresAppTests.xctest; sourceTree = BUILT_PRODUCTS_DIR; };
		849E26A71A1BAC9E00C56951 /* Info.plist */ = {isa = PBXFileReference; lastKnownFileType = text.plist.xml; path = Info.plist; sourceTree = "<group>"; };
		849E26A81A1BAC9E00C56951 /* MeasuresAppTests.m */ = {isa = PBXFileReference; lastKnownFileType = sourcecode.c.objc; path = MeasuresAppTests.m; sourceTree = "<group>"; };
		84A195ED1A1CCF2200066790 /* SWRevealViewController.h */ = {isa = PBXFileReference; fileEncoding = 4; lastKnownFileType = sourcecode.c.h; path = SWRevealViewController.h; sourceTree = "<group>"; };
		84A195EE1A1CCF2200066790 /* SWRevealViewController.m */ = {isa = PBXFileReference; fileEncoding = 4; lastKnownFileType = sourcecode.c.objc; path = SWRevealViewController.m; sourceTree = "<group>"; };
		84AA4F721A1CD42500601CCD /* PosterViewController.h */ = {isa = PBXFileReference; fileEncoding = 4; lastKnownFileType = sourcecode.c.h; path = PosterViewController.h; sourceTree = "<group>"; };
		84AA4F731A1CD42500601CCD /* PosterViewController.m */ = {isa = PBXFileReference; fileEncoding = 4; lastKnownFileType = sourcecode.c.objc; path = PosterViewController.m; sourceTree = "<group>"; };
		84AA4F741A1CD42500601CCD /* PosterViewController.xib */ = {isa = PBXFileReference; fileEncoding = 4; lastKnownFileType = file.xib; path = PosterViewController.xib; sourceTree = "<group>"; };
		84AA4F771A1CD4AB00601CCD /* ParticipantsViewController.h */ = {isa = PBXFileReference; fileEncoding = 4; lastKnownFileType = sourcecode.c.h; path = ParticipantsViewController.h; sourceTree = "<group>"; };
		84AA4F781A1CD4AB00601CCD /* ParticipantsViewController.m */ = {isa = PBXFileReference; fileEncoding = 4; lastKnownFileType = sourcecode.c.objc; path = ParticipantsViewController.m; sourceTree = "<group>"; };
		84AA4F791A1CD4AB00601CCD /* ParticipantsViewController.xib */ = {isa = PBXFileReference; fileEncoding = 4; lastKnownFileType = file.xib; path = ParticipantsViewController.xib; sourceTree = "<group>"; };
		84AA4F7C1A1CD4BF00601CCD /* NewsViewController.h */ = {isa = PBXFileReference; fileEncoding = 4; lastKnownFileType = sourcecode.c.h; path = NewsViewController.h; sourceTree = "<group>"; };
		84AA4F7D1A1CD4BF00601CCD /* NewsViewController.m */ = {isa = PBXFileReference; fileEncoding = 4; lastKnownFileType = sourcecode.c.objc; path = NewsViewController.m; sourceTree = "<group>"; };
		84AA4F7F1A1CD4EC00601CCD /* NewsViewController.xib */ = {isa = PBXFileReference; fileEncoding = 4; lastKnownFileType = file.xib; path = NewsViewController.xib; sourceTree = "<group>"; };
		84AA4F841A1CD5B400601CCD /* InstagramViewController.h */ = {isa = PBXFileReference; fileEncoding = 4; lastKnownFileType = sourcecode.c.h; path = InstagramViewController.h; sourceTree = "<group>"; };
		84AA4F851A1CD5B400601CCD /* InstagramViewController.m */ = {isa = PBXFileReference; fileEncoding = 4; lastKnownFileType = sourcecode.c.objc; path = InstagramViewController.m; sourceTree = "<group>"; };
		84AA4F861A1CD5B400601CCD /* InstagramViewController.xib */ = {isa = PBXFileReference; fileEncoding = 4; lastKnownFileType = file.xib; path = InstagramViewController.xib; sourceTree = "<group>"; };
		84AA4F8A1A1CD5D300601CCD /* PlacesViewController.h */ = {isa = PBXFileReference; fileEncoding = 4; lastKnownFileType = sourcecode.c.h; path = PlacesViewController.h; sourceTree = "<group>"; };
		84AA4F8B1A1CD5D300601CCD /* PlacesViewController.m */ = {isa = PBXFileReference; fileEncoding = 4; lastKnownFileType = sourcecode.c.objc; path = PlacesViewController.m; sourceTree = "<group>"; };
		84AA4F8C1A1CD5D300601CCD /* PlacesViewController.xib */ = {isa = PBXFileReference; fileEncoding = 4; lastKnownFileType = file.xib; path = PlacesViewController.xib; sourceTree = "<group>"; };
		84AA4F901A1CD5FB00601CCD /* SponsorsViewController.h */ = {isa = PBXFileReference; fileEncoding = 4; lastKnownFileType = sourcecode.c.h; path = SponsorsViewController.h; sourceTree = "<group>"; };
		84AA4F911A1CD5FB00601CCD /* SponsorsViewController.m */ = {isa = PBXFileReference; fileEncoding = 4; lastKnownFileType = sourcecode.c.objc; path = SponsorsViewController.m; sourceTree = "<group>"; };
		84AA4F921A1CD5FB00601CCD /* SponsorsViewController.xib */ = {isa = PBXFileReference; fileEncoding = 4; lastKnownFileType = file.xib; path = SponsorsViewController.xib; sourceTree = "<group>"; };
		84BF5A591A1CC56C00EB28C6 /* bookmark.png */ = {isa = PBXFileReference; lastKnownFileType = image.png; path = bookmark.png; sourceTree = "<group>"; };
		84BF5A5A1A1CC56C00EB28C6 /* bookmark_photo.jpg */ = {isa = PBXFileReference; lastKnownFileType = image.jpeg; path = bookmark_photo.jpg; sourceTree = "<group>"; };
		84BF5A5B1A1CC56C00EB28C6 /* calendar.png */ = {isa = PBXFileReference; lastKnownFileType = image.png; path = calendar.png; sourceTree = "<group>"; };
		84BF5A5C1A1CC56C00EB28C6 /* calendar_photo.jpg */ = {isa = PBXFileReference; lastKnownFileType = image.jpeg; path = calendar_photo.jpg; sourceTree = "<group>"; };
		84BF5A5D1A1CC56C00EB28C6 /* comments.png */ = {isa = PBXFileReference; lastKnownFileType = image.png; path = comments.png; sourceTree = "<group>"; };
		84BF5A5E1A1CC56C00EB28C6 /* comments_photo.jpg */ = {isa = PBXFileReference; lastKnownFileType = image.jpeg; path = comments_photo.jpg; sourceTree = "<group>"; };
		84BF5A5F1A1CC56C00EB28C6 /* map.png */ = {isa = PBXFileReference; lastKnownFileType = image.png; path = map.png; sourceTree = "<group>"; };
		84BF5A601A1CC56C00EB28C6 /* menu.png */ = {isa = PBXFileReference; lastKnownFileType = image.png; path = menu.png; sourceTree = "<group>"; };
		84BF5A621A1CC56C00EB28C6 /* nav_bg.png */ = {isa = PBXFileReference; lastKnownFileType = image.png; path = nav_bg.png; sourceTree = "<group>"; };
		84BF5A631A1CC56C00EB28C6 /* news.png */ = {isa = PBXFileReference; lastKnownFileType = image.png; path = news.png; sourceTree = "<group>"; };
		84BF5A641A1CC56C00EB28C6 /* photo.png */ = {isa = PBXFileReference; lastKnownFileType = image.png; path = photo.png; sourceTree = "<group>"; };
		84BF5A661A1CC56C00EB28C6 /* tag_photo.jpg */ = {isa = PBXFileReference; lastKnownFileType = image.jpeg; path = tag_photo.jpg; sourceTree = "<group>"; };
		84C1BA031A247D0500E087B0 /* CategoryTableViewCell.h */ = {isa = PBXFileReference; fileEncoding = 4; lastKnownFileType = sourcecode.c.h; path = CategoryTableViewCell.h; sourceTree = "<group>"; };
		84C1BA041A247D0500E087B0 /* CategoryTableViewCell.m */ = {isa = PBXFileReference; fileEncoding = 4; lastKnownFileType = sourcecode.c.objc; path = CategoryTableViewCell.m; sourceTree = "<group>"; };
		84C1BA051A247D0500E087B0 /* CategoryTableViewCell.xib */ = {isa = PBXFileReference; fileEncoding = 4; lastKnownFileType = file.xib; path = CategoryTableViewCell.xib; sourceTree = "<group>"; };
		84C1BA091A248E7A00E087B0 /* MemberCollectionViewCell.h */ = {isa = PBXFileReference; fileEncoding = 4; lastKnownFileType = sourcecode.c.h; path = MemberCollectionViewCell.h; sourceTree = "<group>"; };
		84C1BA0A1A248E7A00E087B0 /* MemberCollectionViewCell.m */ = {isa = PBXFileReference; fileEncoding = 4; lastKnownFileType = sourcecode.c.objc; path = MemberCollectionViewCell.m; sourceTree = "<group>"; };
		84C1BA0B1A248E7A00E087B0 /* MemberCollectionViewCell.xib */ = {isa = PBXFileReference; fileEncoding = 4; lastKnownFileType = file.xib; path = MemberCollectionViewCell.xib; sourceTree = "<group>"; };
		84C90C741A1CDB0B0093BDE9 /* RearTableViewCell.h */ = {isa = PBXFileReference; fileEncoding = 4; lastKnownFileType = sourcecode.c.h; path = RearTableViewCell.h; sourceTree = "<group>"; };
		84C90C751A1CDB0B0093BDE9 /* RearTableViewCell.m */ = {isa = PBXFileReference; fileEncoding = 4; lastKnownFileType = sourcecode.c.objc; path = RearTableViewCell.m; sourceTree = "<group>"; };
		84C90C761A1CDB0B0093BDE9 /* RearTableViewCell.xib */ = {isa = PBXFileReference; fileEncoding = 4; lastKnownFileType = file.xib; path = RearTableViewCell.xib; sourceTree = "<group>"; };
		84C90C7B1A1CE08C0093BDE9 /* ParentForFrontViewController.h */ = {isa = PBXFileReference; fileEncoding = 4; lastKnownFileType = sourcecode.c.h; path = ParentForFrontViewController.h; sourceTree = "<group>"; };
		84C90C7C1A1CE08C0093BDE9 /* ParentForFrontViewController.m */ = {isa = PBXFileReference; fileEncoding = 4; lastKnownFileType = sourcecode.c.objc; path = ParentForFrontViewController.m; sourceTree = "<group>"; };
		84C90C831A1DE9E90093BDE9 /* HelperClass.h */ = {isa = PBXFileReference; fileEncoding = 4; lastKnownFileType = sourcecode.c.h; path = HelperClass.h; sourceTree = "<group>"; };
		84C90C841A1DE9E90093BDE9 /* HelperClass.m */ = {isa = PBXFileReference; fileEncoding = 4; lastKnownFileType = sourcecode.c.objc; path = HelperClass.m; sourceTree = "<group>"; };
		84E210671A2DB75000886661 /* GTMNSString+HTML.h */ = {isa = PBXFileReference; fileEncoding = 4; lastKnownFileType = sourcecode.c.h; path = "GTMNSString+HTML.h"; sourceTree = "<group>"; };
		84E210681A2DB75000886661 /* GTMNSString+HTML.m */ = {isa = PBXFileReference; fileEncoding = 4; lastKnownFileType = sourcecode.c.objc; path = "GTMNSString+HTML.m"; sourceTree = "<group>"; };
		84E7AB9C1A26259800EB5E9A /* TW.png */ = {isa = PBXFileReference; lastKnownFileType = image.png; path = TW.png; sourceTree = "<group>"; };
		84E7AB9D1A26259800EB5E9A /* VK.png */ = {isa = PBXFileReference; lastKnownFileType = image.png; path = VK.png; sourceTree = "<group>"; };
		84E7ABA01A27148200EB5E9A /* ParticipantsFooterCollectionReusableView.h */ = {isa = PBXFileReference; fileEncoding = 4; lastKnownFileType = sourcecode.c.h; path = ParticipantsFooterCollectionReusableView.h; sourceTree = "<group>"; };
		84E7ABA11A27148200EB5E9A /* ParticipantsFooterCollectionReusableView.m */ = {isa = PBXFileReference; fileEncoding = 4; lastKnownFileType = sourcecode.c.objc; path = ParticipantsFooterCollectionReusableView.m; sourceTree = "<group>"; };
		84E7ABA21A27148200EB5E9A /* ParticipantsFooterCollectionReusableView.xib */ = {isa = PBXFileReference; fileEncoding = 4; lastKnownFileType = file.xib; path = ParticipantsFooterCollectionReusableView.xib; sourceTree = "<group>"; };
		84F3E9361A2A30DA00221E88 /* fb.png */ = {isa = PBXFileReference; lastKnownFileType = image.png; path = fb.png; sourceTree = "<group>"; };
		88AD94AF126C3B68A495106A /* libPods-MeasuresApp.a */ = {isa = PBXFileReference; explicitFileType = archive.ar; includeInIndex = 0; path = "libPods-MeasuresApp.a"; sourceTree = BUILT_PRODUCTS_DIR; };
		BC4F42D21A23B859004A2872 /* MapKit.framework */ = {isa = PBXFileReference; lastKnownFileType = wrapper.framework; name = MapKit.framework; path = System/Library/Frameworks/MapKit.framework; sourceTree = SDKROOT; };
		BCA7193F1A1FC1AC0098F20F /* DataModel.h */ = {isa = PBXFileReference; fileEncoding = 4; lastKnownFileType = sourcecode.c.h; path = DataModel.h; sourceTree = "<group>"; };
		BCA719401A1FC1AC0098F20F /* DataModel.m */ = {isa = PBXFileReference; fileEncoding = 4; lastKnownFileType = sourcecode.c.objc; path = DataModel.m; sourceTree = "<group>"; };
		EC52C47A06BEE6ADFA8D90D1 /* Pods-MeasuresApp.debug.xcconfig */ = {isa = PBXFileReference; includeInIndex = 1; lastKnownFileType = text.xcconfig; name = "Pods-MeasuresApp.debug.xcconfig"; path = "Pods/Target Support Files/Pods-MeasuresApp/Pods-MeasuresApp.debug.xcconfig"; sourceTree = "<group>"; };
/* End PBXFileReference section */

/* Begin PBXFrameworksBuildPhase section */
		849E26831A1BAC9E00C56951 /* Frameworks */ = {
			isa = PBXFrameworksBuildPhase;
			buildActionMask = 2147483647;
			files = (
				BC4F42D31A23B859004A2872 /* MapKit.framework in Frameworks */,
				39CEA9381703A3BA8031E9B5 /* libPods-MeasuresApp.a in Frameworks */,
			);
			runOnlyForDeploymentPostprocessing = 0;
		};
		849E269F1A1BAC9E00C56951 /* Frameworks */ = {
			isa = PBXFrameworksBuildPhase;
			buildActionMask = 2147483647;
			files = (
			);
			runOnlyForDeploymentPostprocessing = 0;
		};
/* End PBXFrameworksBuildPhase section */

/* Begin PBXGroup section */
		84028F391A1CD68600A6D297 /* Rear */ = {
			isa = PBXGroup;
			children = (
				84028F341A1CD68000A6D297 /* RearViewController.h */,
				84028F351A1CD68000A6D297 /* RearViewController.m */,
				84028F361A1CD68000A6D297 /* RearViewController.xib */,
			);
			name = Rear;
			sourceTree = "<group>";
		};
		843995D41A1E43C900B6148A /* NewsCell */ = {
			isa = PBXGroup;
			children = (
				843F9E2E1A1E4499005FA987 /* NewsTableViewCell.h */,
				843F9E2F1A1E4499005FA987 /* NewsTableViewCell.m */,
				843F9E301A1E4499005FA987 /* NewsTableViewCell.xib */,
				843995D51A1E43ED00B6148A /* NewsTableViewCellR.xib */,
			);
			name = NewsCell;
			sourceTree = "<group>";
		};
		843F9E381A1E517E005FA987 /* DetailArticle */ = {
			isa = PBXGroup;
			children = (
				843F9E331A1E5179005FA987 /* DetailArticleViewController.h */,
				843F9E341A1E5179005FA987 /* DetailArticleViewController.m */,
				843F9E351A1E5179005FA987 /* DetailArticleViewController.xib */,
			);
			name = DetailArticle;
			sourceTree = "<group>";
		};
		843F9E411A1F770D005FA987 /* Fonts */ = {
			isa = PBXGroup;
			children = (
				843F9E421A1F770D005FA987 /* Fregat */,
				843F9E471A1F770D005FA987 /* Nautilus.otf */,
			);
			path = Fonts;
			sourceTree = "<group>";
		};
		843F9E421A1F770D005FA987 /* Fregat */ = {
			isa = PBXGroup;
			children = (
				843F9E431A1F770D005FA987 /* Fregat_bold.otf */,
				843F9E441A1F770D005FA987 /* Fregat_bold_italic.otf */,
				843F9E451A1F770D005FA987 /* Fregat_italic.otf */,
				843F9E461A1F770D005FA987 /* Fregat_regular.otf */,
			);
			path = Fregat;
			sourceTree = "<group>";
		};
		84677E451A2855AA0021D442 /* ArticleCell */ = {
			isa = PBXGroup;
			children = (
				84677E401A2855A30021D442 /* ArticleTableViewCell.h */,
				84677E411A2855A30021D442 /* ArticleTableViewCell.m */,
				84677E421A2855A30021D442 /* ArticleTableViewCell.xib */,
			);
			name = ArticleCell;
			sourceTree = "<group>";
		};
		8475FEE31A1DF3900028ED17 /* SponsorCell */ = {
			isa = PBXGroup;
			children = (
				8475FEDE1A1DF3850028ED17 /* SponsorTableViewCell.h */,
				8475FEDF1A1DF3850028ED17 /* SponsorTableViewCell.m */,
				8475FEE01A1DF3850028ED17 /* SponsorTableViewCell.xib */,
			);
			name = SponsorCell;
			sourceTree = "<group>";
		};
		8478FCD71A2094760022E421 /* AdressCell */ = {
			isa = PBXGroup;
			children = (
				8478FCD21A2094700022E421 /* AdressTableViewCell.h */,
				8478FCD31A2094700022E421 /* AdressTableViewCell.m */,
				8478FCD41A2094700022E421 /* AdressTableViewCell.xib */,
			);
			name = AdressCell;
			sourceTree = "<group>";
		};
		849E267D1A1BAC9E00C56951 = {
			isa = PBXGroup;
			children = (
				849E26881A1BAC9E00C56951 /* MeasuresApp */,
				849E26A51A1BAC9E00C56951 /* MeasuresAppTests */,
				849E26871A1BAC9E00C56951 /* Products */,
				DB8D3A86BED2A9FFE422FF21 /* Pods */,
				B1C1E638A30ABCB4C3FAF920 /* Frameworks */,
			);
			sourceTree = "<group>";
		};
		849E26871A1BAC9E00C56951 /* Products */ = {
			isa = PBXGroup;
			children = (
				849E26861A1BAC9E00C56951 /* MeasuresApp.app */,
				849E26A21A1BAC9E00C56951 /* MeasuresAppTests.xctest */,
			);
			name = Products;
			sourceTree = "<group>";
		};
		849E26881A1BAC9E00C56951 /* MeasuresApp */ = {
			isa = PBXGroup;
			children = (
				84C90C821A1DE9980093BDE9 /* OtherClasses */,
				84BF5A791A1CC6CF00EB28C6 /* Controllers */,
				849E268D1A1BAC9E00C56951 /* AppDelegate.h */,
				849E268E1A1BAC9E00C56951 /* AppDelegate.m */,
				BCA7193F1A1FC1AC0098F20F /* DataModel.h */,
				BCA719401A1FC1AC0098F20F /* DataModel.m */,
				849E26991A1BAC9E00C56951 /* Images.xcassets */,
				849E269B1A1BAC9E00C56951 /* LaunchScreen.xib */,
				849E26901A1BAC9E00C56951 /* MeasuresApp.xcdatamodeld */,
				849E26891A1BAC9E00C56951 /* Supporting Files */,
			);
			path = MeasuresApp;
			sourceTree = "<group>";
		};
		849E26891A1BAC9E00C56951 /* Supporting Files */ = {
			isa = PBXGroup;
			children = (
				843F9E411A1F770D005FA987 /* Fonts */,
				84BF5A581A1CC56C00EB28C6 /* Images */,
				849E268A1A1BAC9E00C56951 /* Info.plist */,
				849E268B1A1BAC9E00C56951 /* main.m */,
			);
			name = "Supporting Files";
			sourceTree = "<group>";
		};
		849E26A51A1BAC9E00C56951 /* MeasuresAppTests */ = {
			isa = PBXGroup;
			children = (
				849E26A81A1BAC9E00C56951 /* MeasuresAppTests.m */,
				849E26A61A1BAC9E00C56951 /* Supporting Files */,
			);
			path = MeasuresAppTests;
			sourceTree = "<group>";
		};
		849E26A61A1BAC9E00C56951 /* Supporting Files */ = {
			isa = PBXGroup;
			children = (
				849E26A71A1BAC9E00C56951 /* Info.plist */,
			);
			name = "Supporting Files";
			sourceTree = "<group>";
		};
		84A195EC1A1CCF2200066790 /* SWRevealViewController */ = {
			isa = PBXGroup;
			children = (
				84A195ED1A1CCF2200066790 /* SWRevealViewController.h */,
				84A195EE1A1CCF2200066790 /* SWRevealViewController.m */,
			);
			path = SWRevealViewController;
			sourceTree = "<group>";
		};
		84AA4F811A1CD57D00601CCD /* News */ = {
			isa = PBXGroup;
			children = (
				84AA4F7C1A1CD4BF00601CCD /* NewsViewController.h */,
				84AA4F7D1A1CD4BF00601CCD /* NewsViewController.m */,
				84AA4F7F1A1CD4EC00601CCD /* NewsViewController.xib */,
			);
			name = News;
			sourceTree = "<group>";
		};
		84AA4F821A1CD58800601CCD /* Participants */ = {
			isa = PBXGroup;
			children = (
				84AA4F771A1CD4AB00601CCD /* ParticipantsViewController.h */,
				84AA4F781A1CD4AB00601CCD /* ParticipantsViewController.m */,
				84AA4F791A1CD4AB00601CCD /* ParticipantsViewController.xib */,
			);
			name = Participants;
			sourceTree = "<group>";
		};
		84AA4F831A1CD59600601CCD /* Poster */ = {
			isa = PBXGroup;
			children = (
				84AA4F721A1CD42500601CCD /* PosterViewController.h */,
				84AA4F731A1CD42500601CCD /* PosterViewController.m */,
				84AA4F741A1CD42500601CCD /* PosterViewController.xib */,
			);
			name = Poster;
			sourceTree = "<group>";
		};
		84AA4F891A1CD5BA00601CCD /* Instagram */ = {
			isa = PBXGroup;
			children = (
				84AA4F841A1CD5B400601CCD /* InstagramViewController.h */,
				84AA4F851A1CD5B400601CCD /* InstagramViewController.m */,
				84AA4F861A1CD5B400601CCD /* InstagramViewController.xib */,
			);
			name = Instagram;
			sourceTree = "<group>";
		};
		84AA4F8F1A1CD5D600601CCD /* Places */ = {
			isa = PBXGroup;
			children = (
				84AA4F8A1A1CD5D300601CCD /* PlacesViewController.h */,
				84AA4F8B1A1CD5D300601CCD /* PlacesViewController.m */,
				84AA4F8C1A1CD5D300601CCD /* PlacesViewController.xib */,
			);
			name = Places;
			sourceTree = "<group>";
		};
		84AA4F951A1CD5FF00601CCD /* Sponsors */ = {
			isa = PBXGroup;
			children = (
				84AA4F901A1CD5FB00601CCD /* SponsorsViewController.h */,
				84AA4F911A1CD5FB00601CCD /* SponsorsViewController.m */,
				84AA4F921A1CD5FB00601CCD /* SponsorsViewController.xib */,
			);
			name = Sponsors;
			sourceTree = "<group>";
		};
		84BF5A581A1CC56C00EB28C6 /* Images */ = {
			isa = PBXGroup;
			children = (
				840DD7131A2B45CB003A17E5 /* ribbonBg.png */,
				84F3E9361A2A30DA00221E88 /* fb.png */,
				84E7AB9C1A26259800EB5E9A /* TW.png */,
				84E7AB9D1A26259800EB5E9A /* VK.png */,
				843F9E4D1A1F9ECD005FA987 /* bannerBig.png */,
				843F9E3B1A1F6154005FA987 /* menu@2x.png */,
				843F9E3C1A1F6154005FA987 /* banner.png */,
				843F9E3D1A1F6154005FA987 /* separatorLine.png */,
				843F9E391A1F44A3005FA987 /* posterImage.png */,
				84BF5A591A1CC56C00EB28C6 /* bookmark.png */,
				84BF5A5A1A1CC56C00EB28C6 /* bookmark_photo.jpg */,
				84BF5A5B1A1CC56C00EB28C6 /* calendar.png */,
				84BF5A5C1A1CC56C00EB28C6 /* calendar_photo.jpg */,
				84BF5A5D1A1CC56C00EB28C6 /* comments.png */,
				84BF5A5E1A1CC56C00EB28C6 /* comments_photo.jpg */,
				84BF5A5F1A1CC56C00EB28C6 /* map.png */,
				84BF5A601A1CC56C00EB28C6 /* menu.png */,
				84BF5A621A1CC56C00EB28C6 /* nav_bg.png */,
				84BF5A631A1CC56C00EB28C6 /* news.png */,
				84BF5A641A1CC56C00EB28C6 /* photo.png */,
				84BF5A661A1CC56C00EB28C6 /* tag_photo.jpg */,
			);
			path = Images;
			sourceTree = "<group>";
		};
		84BF5A791A1CC6CF00EB28C6 /* Controllers */ = {
			isa = PBXGroup;
			children = (
				84A195EC1A1CCF2200066790 /* SWRevealViewController */,
				84028F391A1CD68600A6D297 /* Rear */,
				84AA4F831A1CD59600601CCD /* Poster */,
				84AA4F821A1CD58800601CCD /* Participants */,
				84AA4F811A1CD57D00601CCD /* News */,
				84AA4F891A1CD5BA00601CCD /* Instagram */,
				84AA4F8F1A1CD5D600601CCD /* Places */,
				84AA4F951A1CD5FF00601CCD /* Sponsors */,
				84C90C791A1CDB120093BDE9 /* CostumCells */,
				84C90C7E1A1CE0A30093BDE9 /* ParentFront */,
				843F9E381A1E517E005FA987 /* DetailArticle */,
			);
			path = Controllers;
			sourceTree = "<group>";
		};
		84C1BA081A247D0900E087B0 /* CategoryCell */ = {
			isa = PBXGroup;
			children = (
				84C1BA031A247D0500E087B0 /* CategoryTableViewCell.h */,
				84C1BA041A247D0500E087B0 /* CategoryTableViewCell.m */,
				84C1BA051A247D0500E087B0 /* CategoryTableViewCell.xib */,
			);
			name = CategoryCell;
			sourceTree = "<group>";
		};
		84C1BA0E1A248E7F00E087B0 /* MemberCell */ = {
			isa = PBXGroup;
			children = (
				84C1BA091A248E7A00E087B0 /* MemberCollectionViewCell.h */,
				84C1BA0A1A248E7A00E087B0 /* MemberCollectionViewCell.m */,
				84C1BA0B1A248E7A00E087B0 /* MemberCollectionViewCell.xib */,
			);
			name = MemberCell;
			sourceTree = "<group>";
		};
		84C90C791A1CDB120093BDE9 /* CostumCells */ = {
			isa = PBXGroup;
			children = (
				84677E451A2855AA0021D442 /* ArticleCell */,
				843995D41A1E43C900B6148A /* NewsCell */,
				8475FEE31A1DF3900028ED17 /* SponsorCell */,
				84C90C7A1A1CDB200093BDE9 /* RearCell */,
				8478FCD71A2094760022E421 /* AdressCell */,
				84C1BA081A247D0900E087B0 /* CategoryCell */,
				84C1BA0E1A248E7F00E087B0 /* MemberCell */,
				84E7ABA51A27148800EB5E9A /* PartisipantsFooter */,
			);
			name = CostumCells;
			sourceTree = "<group>";
		};
		84C90C7A1A1CDB200093BDE9 /* RearCell */ = {
			isa = PBXGroup;
			children = (
				84C90C741A1CDB0B0093BDE9 /* RearTableViewCell.h */,
				84C90C751A1CDB0B0093BDE9 /* RearTableViewCell.m */,
				84C90C761A1CDB0B0093BDE9 /* RearTableViewCell.xib */,
			);
			name = RearCell;
			sourceTree = "<group>";
		};
		84C90C7E1A1CE0A30093BDE9 /* ParentFront */ = {
			isa = PBXGroup;
			children = (
				84C90C7B1A1CE08C0093BDE9 /* ParentForFrontViewController.h */,
				84C90C7C1A1CE08C0093BDE9 /* ParentForFrontViewController.m */,
			);
			name = ParentFront;
			sourceTree = "<group>";
		};
		84C90C821A1DE9980093BDE9 /* OtherClasses */ = {
			isa = PBXGroup;
			children = (
				84E210671A2DB75000886661 /* GTMNSString+HTML.h */,
				84E210681A2DB75000886661 /* GTMNSString+HTML.m */,
				84C90C831A1DE9E90093BDE9 /* HelperClass.h */,
				84C90C841A1DE9E90093BDE9 /* HelperClass.m */,
				8475FEE51A1E08D60028ED17 /* ConstantsClass.h */,
				8475FEE61A1E08D60028ED17 /* ConstantsClass.m */,
			);
			path = OtherClasses;
			sourceTree = "<group>";
		};
		84E7ABA51A27148800EB5E9A /* PartisipantsFooter */ = {
			isa = PBXGroup;
			children = (
				84E7ABA01A27148200EB5E9A /* ParticipantsFooterCollectionReusableView.h */,
				84E7ABA11A27148200EB5E9A /* ParticipantsFooterCollectionReusableView.m */,
				84E7ABA21A27148200EB5E9A /* ParticipantsFooterCollectionReusableView.xib */,
			);
			name = PartisipantsFooter;
			sourceTree = "<group>";
		};
		B1C1E638A30ABCB4C3FAF920 /* Frameworks */ = {
			isa = PBXGroup;
			children = (
				BC4F42D21A23B859004A2872 /* MapKit.framework */,
				88AD94AF126C3B68A495106A /* libPods-MeasuresApp.a */,
			);
			name = Frameworks;
			sourceTree = "<group>";
		};
		DB8D3A86BED2A9FFE422FF21 /* Pods */ = {
			isa = PBXGroup;
			children = (
				EC52C47A06BEE6ADFA8D90D1 /* Pods-MeasuresApp.debug.xcconfig */,
				5E5EE0241ECEC18F453A3491 /* Pods-MeasuresApp.release.xcconfig */,
			);
			name = Pods;
			sourceTree = "<group>";
		};
/* End PBXGroup section */

/* Begin PBXNativeTarget section */
		849E26851A1BAC9E00C56951 /* MeasuresApp */ = {
			isa = PBXNativeTarget;
			buildConfigurationList = 849E26AC1A1BAC9E00C56951 /* Build configuration list for PBXNativeTarget "MeasuresApp" */;
			buildPhases = (
				B703E007F86A3C92BC1832D4 /* Check Pods Manifest.lock */,
				849E26821A1BAC9E00C56951 /* Sources */,
				849E26831A1BAC9E00C56951 /* Frameworks */,
				849E26841A1BAC9E00C56951 /* Resources */,
				97930A0FD301E6C5AF963E2F /* Copy Pods Resources */,
			);
			buildRules = (
			);
			dependencies = (
			);
			name = MeasuresApp;
			productName = MeasuresApp;
			productReference = 849E26861A1BAC9E00C56951 /* MeasuresApp.app */;
			productType = "com.apple.product-type.application";
		};
		849E26A11A1BAC9E00C56951 /* MeasuresAppTests */ = {
			isa = PBXNativeTarget;
			buildConfigurationList = 849E26AF1A1BAC9E00C56951 /* Build configuration list for PBXNativeTarget "MeasuresAppTests" */;
			buildPhases = (
				849E269E1A1BAC9E00C56951 /* Sources */,
				849E269F1A1BAC9E00C56951 /* Frameworks */,
				849E26A01A1BAC9E00C56951 /* Resources */,
			);
			buildRules = (
			);
			dependencies = (
				849E26A41A1BAC9E00C56951 /* PBXTargetDependency */,
			);
			name = MeasuresAppTests;
			productName = MeasuresAppTests;
			productReference = 849E26A21A1BAC9E00C56951 /* MeasuresAppTests.xctest */;
			productType = "com.apple.product-type.bundle.unit-test";
		};
/* End PBXNativeTarget section */

/* Begin PBXProject section */
		849E267E1A1BAC9E00C56951 /* Project object */ = {
			isa = PBXProject;
			attributes = {
				LastUpgradeCheck = 0600;
				ORGANIZATIONNAME = vkCorporation;
				TargetAttributes = {
					849E26851A1BAC9E00C56951 = {
						CreatedOnToolsVersion = 6.0.1;
						DevelopmentTeam = FJTUE7ZT4K;
					};
					849E26A11A1BAC9E00C56951 = {
						CreatedOnToolsVersion = 6.0.1;
						DevelopmentTeam = FJTUE7ZT4K;
						TestTargetID = 849E26851A1BAC9E00C56951;
					};
				};
			};
			buildConfigurationList = 849E26811A1BAC9E00C56951 /* Build configuration list for PBXProject "MeasuresApp" */;
			compatibilityVersion = "Xcode 3.2";
			developmentRegion = English;
			hasScannedForEncodings = 0;
			knownRegions = (
				en,
				Base,
			);
			mainGroup = 849E267D1A1BAC9E00C56951;
			productRefGroup = 849E26871A1BAC9E00C56951 /* Products */;
			projectDirPath = "";
			projectRoot = "";
			targets = (
				849E26851A1BAC9E00C56951 /* MeasuresApp */,
				849E26A11A1BAC9E00C56951 /* MeasuresAppTests */,
			);
		};
/* End PBXProject section */

/* Begin PBXResourcesBuildPhase section */
		849E26841A1BAC9E00C56951 /* Resources */ = {
			isa = PBXResourcesBuildPhase;
			buildActionMask = 2147483647;
			files = (
				84677E441A2855A30021D442 /* ArticleTableViewCell.xib in Resources */,
				843995D61A1E43ED00B6148A /* NewsTableViewCellR.xib in Resources */,
				84C1BA071A247D0500E087B0 /* CategoryTableViewCell.xib in Resources */,
				843F9E3E1A1F6154005FA987 /* menu@2x.png in Resources */,
				84AA4F7B1A1CD4AB00601CCD /* ParticipantsViewController.xib in Resources */,
				84BF5A6C1A1CC56C00EB28C6 /* calendar_photo.jpg in Resources */,
				843F9E4B1A1F770D005FA987 /* Fregat_regular.otf in Resources */,
				84E7AB9F1A26259800EB5E9A /* VK.png in Resources */,
				84AA4F881A1CD5B400601CCD /* InstagramViewController.xib in Resources */,
				84BF5A741A1CC56C00EB28C6 /* photo.png in Resources */,
				84BF5A6E1A1CC56C00EB28C6 /* comments_photo.jpg in Resources */,
				84BF5A761A1CC56C00EB28C6 /* tag_photo.jpg in Resources */,
				84028F381A1CD68000A6D297 /* RearViewController.xib in Resources */,
				843F9E401A1F6154005FA987 /* separatorLine.png in Resources */,
				84BF5A6A1A1CC56C00EB28C6 /* bookmark_photo.jpg in Resources */,
				84BF5A731A1CC56C00EB28C6 /* news.png in Resources */,
				84E7ABA41A27148200EB5E9A /* ParticipantsFooterCollectionReusableView.xib in Resources */,
				843F9E3A1A1F44A3005FA987 /* posterImage.png in Resources */,
				84AA4F761A1CD42500601CCD /* PosterViewController.xib in Resources */,
				84C90C781A1CDB0B0093BDE9 /* RearTableViewCell.xib in Resources */,
				843F9E4E1A1F9ECD005FA987 /* bannerBig.png in Resources */,
				84BF5A6B1A1CC56C00EB28C6 /* calendar.png in Resources */,
				84AA4F8E1A1CD5D300601CCD /* PlacesViewController.xib in Resources */,
				84F3E9371A2A30DA00221E88 /* fb.png in Resources */,
				843F9E4A1A1F770D005FA987 /* Fregat_italic.otf in Resources */,
				84BF5A6F1A1CC56C00EB28C6 /* map.png in Resources */,
				84BF5A691A1CC56C00EB28C6 /* bookmark.png in Resources */,
				843F9E3F1A1F6154005FA987 /* banner.png in Resources */,
				84BF5A6D1A1CC56C00EB28C6 /* comments.png in Resources */,
				84AA4F941A1CD5FB00601CCD /* SponsorsViewController.xib in Resources */,
				84C1BA0D1A248E7A00E087B0 /* MemberCollectionViewCell.xib in Resources */,
				84E7AB9E1A26259800EB5E9A /* TW.png in Resources */,
				84BF5A701A1CC56C00EB28C6 /* menu.png in Resources */,
				843F9E4C1A1F770D005FA987 /* Nautilus.otf in Resources */,
				849E269D1A1BAC9E00C56951 /* LaunchScreen.xib in Resources */,
				843F9E371A1E5179005FA987 /* DetailArticleViewController.xib in Resources */,
				843F9E491A1F770D005FA987 /* Fregat_bold_italic.otf in Resources */,
				84BF5A721A1CC56C00EB28C6 /* nav_bg.png in Resources */,
				843F9E321A1E4499005FA987 /* NewsTableViewCell.xib in Resources */,
				8475FEE21A1DF3850028ED17 /* SponsorTableViewCell.xib in Resources */,
				849E269A1A1BAC9E00C56951 /* Images.xcassets in Resources */,
				840DD7141A2B45CB003A17E5 /* ribbonBg.png in Resources */,
				8478FCD61A2094700022E421 /* AdressTableViewCell.xib in Resources */,
				84AA4F801A1CD4EC00601CCD /* NewsViewController.xib in Resources */,
				843F9E481A1F770D005FA987 /* Fregat_bold.otf in Resources */,
			);
			runOnlyForDeploymentPostprocessing = 0;
		};
		849E26A01A1BAC9E00C56951 /* Resources */ = {
			isa = PBXResourcesBuildPhase;
			buildActionMask = 2147483647;
			files = (
			);
			runOnlyForDeploymentPostprocessing = 0;
		};
/* End PBXResourcesBuildPhase section */

/* Begin PBXShellScriptBuildPhase section */
		97930A0FD301E6C5AF963E2F /* Copy Pods Resources */ = {
			isa = PBXShellScriptBuildPhase;
			buildActionMask = 2147483647;
			files = (
			);
			inputPaths = (
			);
			name = "Copy Pods Resources";
			outputPaths = (
			);
			runOnlyForDeploymentPostprocessing = 0;
			shellPath = /bin/sh;
			shellScript = "\"${SRCROOT}/Pods/Target Support Files/Pods-MeasuresApp/Pods-MeasuresApp-resources.sh\"\n";
			showEnvVarsInLog = 0;
		};
		B703E007F86A3C92BC1832D4 /* Check Pods Manifest.lock */ = {
			isa = PBXShellScriptBuildPhase;
			buildActionMask = 2147483647;
			files = (
			);
			inputPaths = (
			);
			name = "Check Pods Manifest.lock";
			outputPaths = (
			);
			runOnlyForDeploymentPostprocessing = 0;
			shellPath = /bin/sh;
			shellScript = "diff \"${PODS_ROOT}/../Podfile.lock\" \"${PODS_ROOT}/Manifest.lock\" > /dev/null\nif [[ $? != 0 ]] ; then\n    cat << EOM\nerror: The sandbox is not in sync with the Podfile.lock. Run 'pod install' or update your CocoaPods installation.\nEOM\n    exit 1\nfi\n";
			showEnvVarsInLog = 0;
		};
/* End PBXShellScriptBuildPhase section */

/* Begin PBXSourcesBuildPhase section */
		849E26821A1BAC9E00C56951 /* Sources */ = {
			isa = PBXSourcesBuildPhase;
			buildActionMask = 2147483647;
			files = (
				84AA4F7A1A1CD4AB00601CCD /* ParticipantsViewController.m in Sources */,
				84AA4F871A1CD5B400601CCD /* InstagramViewController.m in Sources */,
				849E26921A1BAC9E00C56951 /* MeasuresApp.xcdatamodeld in Sources */,
				8475FEE11A1DF3850028ED17 /* SponsorTableViewCell.m in Sources */,
				84AA4F8D1A1CD5D300601CCD /* PlacesViewController.m in Sources */,
				84A195F01A1CCF2200066790 /* SWRevealViewController.m in Sources */,
				843F9E361A1E5179005FA987 /* DetailArticleViewController.m in Sources */,
				BCA719411A1FC1AC0098F20F /* DataModel.m in Sources */,
				849E268F1A1BAC9E00C56951 /* AppDelegate.m in Sources */,
				8478FCD51A2094700022E421 /* AdressTableViewCell.m in Sources */,
				84C1BA0C1A248E7A00E087B0 /* MemberCollectionViewCell.m in Sources */,
				84C1BA061A247D0500E087B0 /* CategoryTableViewCell.m in Sources */,
				84E210691A2DB75000886661 /* GTMNSString+HTML.m in Sources */,
				84028F371A1CD68000A6D297 /* RearViewController.m in Sources */,
				84C90C771A1CDB0B0093BDE9 /* RearTableViewCell.m in Sources */,
				84C90C7D1A1CE08C0093BDE9 /* ParentForFrontViewController.m in Sources */,
				849E268C1A1BAC9E00C56951 /* main.m in Sources */,
				84677E431A2855A30021D442 /* ArticleTableViewCell.m in Sources */,
				843F9E311A1E4499005FA987 /* NewsTableViewCell.m in Sources */,
				84C90C851A1DE9E90093BDE9 /* HelperClass.m in Sources */,
				84AA4F931A1CD5FB00601CCD /* SponsorsViewController.m in Sources */,
				84AA4F751A1CD42500601CCD /* PosterViewController.m in Sources */,
				8475FEE71A1E08D60028ED17 /* ConstantsClass.m in Sources */,
				84E7ABA31A27148200EB5E9A /* ParticipantsFooterCollectionReusableView.m in Sources */,
				84AA4F7E1A1CD4BF00601CCD /* NewsViewController.m in Sources */,
			);
			runOnlyForDeploymentPostprocessing = 0;
		};
		849E269E1A1BAC9E00C56951 /* Sources */ = {
			isa = PBXSourcesBuildPhase;
			buildActionMask = 2147483647;
			files = (
				849E26A91A1BAC9E00C56951 /* MeasuresAppTests.m in Sources */,
			);
			runOnlyForDeploymentPostprocessing = 0;
		};
/* End PBXSourcesBuildPhase section */

/* Begin PBXTargetDependency section */
		849E26A41A1BAC9E00C56951 /* PBXTargetDependency */ = {
			isa = PBXTargetDependency;
			target = 849E26851A1BAC9E00C56951 /* MeasuresApp */;
			targetProxy = 849E26A31A1BAC9E00C56951 /* PBXContainerItemProxy */;
		};
/* End PBXTargetDependency section */

/* Begin PBXVariantGroup section */
		849E269B1A1BAC9E00C56951 /* LaunchScreen.xib */ = {
			isa = PBXVariantGroup;
			children = (
				849E269C1A1BAC9E00C56951 /* Base */,
			);
			name = LaunchScreen.xib;
			sourceTree = "<group>";
		};
/* End PBXVariantGroup section */

/* Begin XCBuildConfiguration section */
		849E26AA1A1BAC9E00C56951 /* Debug */ = {
			isa = XCBuildConfiguration;
			buildSettings = {
				ALWAYS_SEARCH_USER_PATHS = NO;
				CLANG_CXX_LANGUAGE_STANDARD = "gnu++0x";
				CLANG_CXX_LIBRARY = "libc++";
				CLANG_ENABLE_MODULES = YES;
				CLANG_ENABLE_OBJC_ARC = YES;
				CLANG_WARN_BOOL_CONVERSION = YES;
				CLANG_WARN_CONSTANT_CONVERSION = YES;
				CLANG_WARN_DIRECT_OBJC_ISA_USAGE = YES_ERROR;
				CLANG_WARN_EMPTY_BODY = YES;
				CLANG_WARN_ENUM_CONVERSION = YES;
				CLANG_WARN_INT_CONVERSION = YES;
				CLANG_WARN_OBJC_ROOT_CLASS = YES_ERROR;
				CLANG_WARN_UNREACHABLE_CODE = YES;
				CLANG_WARN__DUPLICATE_METHOD_MATCH = YES;
				CODE_SIGN_IDENTITY = "iPhone Distribution: Alexander Blagodarenko (FJTUE7ZT4K)";
				"CODE_SIGN_IDENTITY[sdk=iphoneos*]" = "iPhone Distribution: Alexander Blagodarenko (FJTUE7ZT4K)";
				COPY_PHASE_STRIP = NO;
				ENABLE_STRICT_OBJC_MSGSEND = YES;
				GCC_C_LANGUAGE_STANDARD = gnu99;
				GCC_DYNAMIC_NO_PIC = NO;
				GCC_OPTIMIZATION_LEVEL = 0;
				GCC_PREPROCESSOR_DEFINITIONS = (
					"DEBUG=1",
					"$(inherited)",
				);
				GCC_SYMBOLS_PRIVATE_EXTERN = NO;
				GCC_WARN_64_TO_32_BIT_CONVERSION = YES;
				GCC_WARN_ABOUT_RETURN_TYPE = YES_ERROR;
				GCC_WARN_UNDECLARED_SELECTOR = YES;
				GCC_WARN_UNINITIALIZED_AUTOS = YES_AGGRESSIVE;
				GCC_WARN_UNUSED_FUNCTION = YES;
				GCC_WARN_UNUSED_VARIABLE = YES;
				IPHONEOS_DEPLOYMENT_TARGET = 8.0;
				MTL_ENABLE_DEBUG_INFO = YES;
				ONLY_ACTIVE_ARCH = YES;
				PROVISIONING_PROFILE = "459c5a7b-e450-4ef0-a0de-c3a6c0023057";
				SDKROOT = iphoneos;
			};
			name = Debug;
		};
		849E26AB1A1BAC9E00C56951 /* Release */ = {
			isa = XCBuildConfiguration;
			buildSettings = {
				ALWAYS_SEARCH_USER_PATHS = NO;
				CLANG_CXX_LANGUAGE_STANDARD = "gnu++0x";
				CLANG_CXX_LIBRARY = "libc++";
				CLANG_ENABLE_MODULES = YES;
				CLANG_ENABLE_OBJC_ARC = YES;
				CLANG_WARN_BOOL_CONVERSION = YES;
				CLANG_WARN_CONSTANT_CONVERSION = YES;
				CLANG_WARN_DIRECT_OBJC_ISA_USAGE = YES_ERROR;
				CLANG_WARN_EMPTY_BODY = YES;
				CLANG_WARN_ENUM_CONVERSION = YES;
				CLANG_WARN_INT_CONVERSION = YES;
				CLANG_WARN_OBJC_ROOT_CLASS = YES_ERROR;
				CLANG_WARN_UNREACHABLE_CODE = YES;
				CLANG_WARN__DUPLICATE_METHOD_MATCH = YES;
				CODE_SIGN_IDENTITY = "iPhone Distribution: Alexander Blagodarenko (FJTUE7ZT4K)";
				"CODE_SIGN_IDENTITY[sdk=iphoneos*]" = "iPhone Distribution: Alexander Blagodarenko (FJTUE7ZT4K)";
				COPY_PHASE_STRIP = YES;
				ENABLE_NS_ASSERTIONS = NO;
				ENABLE_STRICT_OBJC_MSGSEND = YES;
				GCC_C_LANGUAGE_STANDARD = gnu99;
				GCC_WARN_64_TO_32_BIT_CONVERSION = YES;
				GCC_WARN_ABOUT_RETURN_TYPE = YES_ERROR;
				GCC_WARN_UNDECLARED_SELECTOR = YES;
				GCC_WARN_UNINITIALIZED_AUTOS = YES_AGGRESSIVE;
				GCC_WARN_UNUSED_FUNCTION = YES;
				GCC_WARN_UNUSED_VARIABLE = YES;
				IPHONEOS_DEPLOYMENT_TARGET = 8.0;
				MTL_ENABLE_DEBUG_INFO = NO;
				PROVISIONING_PROFILE = "459c5a7b-e450-4ef0-a0de-c3a6c0023057";
				SDKROOT = iphoneos;
				VALIDATE_PRODUCT = YES;
			};
			name = Release;
		};
		849E26AD1A1BAC9E00C56951 /* Debug */ = {
			isa = XCBuildConfiguration;
			baseConfigurationReference = EC52C47A06BEE6ADFA8D90D1 /* Pods-MeasuresApp.debug.xcconfig */;
			buildSettings = {
				ASSETCATALOG_COMPILER_APPICON_NAME = AppIcon;
				CODE_SIGN_IDENTITY = "iPhone Distribution: Alexander Blagodarenko (FJTUE7ZT4K)";
				"CODE_SIGN_IDENTITY[sdk=iphoneos*]" = "iPhone Distribution: Alexander Blagodarenko (FJTUE7ZT4K)";
				INFOPLIST_FILE = MeasuresApp/Info.plist;
				IPHONEOS_DEPLOYMENT_TARGET = 7.0;
				LD_RUNPATH_SEARCH_PATHS = "$(inherited) @executable_path/Frameworks";
				PRODUCT_NAME = "$(TARGET_NAME)";
				PROVISIONING_PROFILE = "d6c06bac-3663-4e67-a452-acdcd7bf7cda";
				TARGETED_DEVICE_FAMILY = "1,2";
			};
			name = Debug;
		};
		849E26AE1A1BAC9E00C56951 /* Release */ = {
			isa = XCBuildConfiguration;
			baseConfigurationReference = 5E5EE0241ECEC18F453A3491 /* Pods-MeasuresApp.release.xcconfig */;
			buildSettings = {
				ASSETCATALOG_COMPILER_APPICON_NAME = AppIcon;
				CODE_SIGN_IDENTITY = "iPhone Distribution: Alexander Blagodarenko (FJTUE7ZT4K)";
				"CODE_SIGN_IDENTITY[sdk=iphoneos*]" = "iPhone Distribution: Alexander Blagodarenko (FJTUE7ZT4K)";
				INFOPLIST_FILE = MeasuresApp/Info.plist;
				IPHONEOS_DEPLOYMENT_TARGET = 7.0;
				LD_RUNPATH_SEARCH_PATHS = "$(inherited) @executable_path/Frameworks";
				PRODUCT_NAME = "$(TARGET_NAME)";
				PROVISIONING_PROFILE = "d6c06bac-3663-4e67-a452-acdcd7bf7cda";
				TARGETED_DEVICE_FAMILY = "1,2";
			};
			name = Release;
		};
		849E26B01A1BAC9E00C56951 /* Debug */ = {
			isa = XCBuildConfiguration;
			buildSettings = {
				BUNDLE_LOADER = "$(TEST_HOST)";
				CODE_SIGN_IDENTITY = "iPhone Developer";
				"CODE_SIGN_IDENTITY[sdk=iphoneos*]" = "iPhone Developer";
				FRAMEWORK_SEARCH_PATHS = (
					"$(SDKROOT)/Developer/Library/Frameworks",
					"$(inherited)",
				);
				GCC_PREPROCESSOR_DEFINITIONS = (
					"DEBUG=1",
					"$(inherited)",
				);
				INFOPLIST_FILE = MeasuresAppTests/Info.plist;
				LD_RUNPATH_SEARCH_PATHS = "$(inherited) @executable_path/Frameworks @loader_path/Frameworks";
				PRODUCT_NAME = "$(TARGET_NAME)";
				PROVISIONING_PROFILE = "";
				TEST_HOST = "$(BUILT_PRODUCTS_DIR)/MeasuresApp.app/MeasuresApp";
			};
			name = Debug;
		};
		849E26B11A1BAC9E00C56951 /* Release */ = {
			isa = XCBuildConfiguration;
			buildSettings = {
				BUNDLE_LOADER = "$(TEST_HOST)";
				CODE_SIGN_IDENTITY = "iPhone Developer";
				"CODE_SIGN_IDENTITY[sdk=iphoneos*]" = "iPhone Developer";
				FRAMEWORK_SEARCH_PATHS = (
					"$(SDKROOT)/Developer/Library/Frameworks",
					"$(inherited)",
				);
				INFOPLIST_FILE = MeasuresAppTests/Info.plist;
				LD_RUNPATH_SEARCH_PATHS = "$(inherited) @executable_path/Frameworks @loader_path/Frameworks";
				PRODUCT_NAME = "$(TARGET_NAME)";
				PROVISIONING_PROFILE = "";
				TEST_HOST = "$(BUILT_PRODUCTS_DIR)/MeasuresApp.app/MeasuresApp";
			};
			name = Release;
		};
/* End XCBuildConfiguration section */

/* Begin XCConfigurationList section */
		849E26811A1BAC9E00C56951 /* Build configuration list for PBXProject "MeasuresApp" */ = {
			isa = XCConfigurationList;
			buildConfigurations = (
				849E26AA1A1BAC9E00C56951 /* Debug */,
				849E26AB1A1BAC9E00C56951 /* Release */,
			);
			defaultConfigurationIsVisible = 0;
			defaultConfigurationName = Release;
		};
		849E26AC1A1BAC9E00C56951 /* Build configuration list for PBXNativeTarget "MeasuresApp" */ = {
			isa = XCConfigurationList;
			buildConfigurations = (
				849E26AD1A1BAC9E00C56951 /* Debug */,
				849E26AE1A1BAC9E00C56951 /* Release */,
			);
			defaultConfigurationIsVisible = 0;
			defaultConfigurationName = Release;
		};
		849E26AF1A1BAC9E00C56951 /* Build configuration list for PBXNativeTarget "MeasuresAppTests" */ = {
			isa = XCConfigurationList;
			buildConfigurations = (
				849E26B01A1BAC9E00C56951 /* Debug */,
				849E26B11A1BAC9E00C56951 /* Release */,
			);
			defaultConfigurationIsVisible = 0;
			defaultConfigurationName = Release;
		};
/* End XCConfigurationList section */

/* Begin XCVersionGroup section */
		849E26901A1BAC9E00C56951 /* MeasuresApp.xcdatamodeld */ = {
			isa = XCVersionGroup;
			children = (
				849E26911A1BAC9E00C56951 /* MeasuresApp.xcdatamodel */,
			);
			currentVersion = 849E26911A1BAC9E00C56951 /* MeasuresApp.xcdatamodel */;
			path = MeasuresApp.xcdatamodeld;
			sourceTree = "<group>";
			versionGroupType = wrapper.xcdatamodel;
		};
/* End XCVersionGroup section */
	};
	rootObject = 849E267E1A1BAC9E00C56951 /* Project object */;
}
